// !$*UTF8*$!
{
	archiveVersion = 1;
	classes = {
	};
	objectVersion = 46;
	objects = {

/* Begin PBXBuildFile section */
		1229AA031E1F3E97004252D1 /* main.m in Sources */ = {isa = PBXBuildFile; fileRef = 1229AA021E1F3E97004252D1 /* main.m */; };
		1229AA061E1F3E97004252D1 /* AppDelegate.m in Sources */ = {isa = PBXBuildFile; fileRef = 1229AA051E1F3E97004252D1 /* AppDelegate.m */; };
		1229AA091E1F3E97004252D1 /* ViewController.m in Sources */ = {isa = PBXBuildFile; fileRef = 1229AA081E1F3E97004252D1 /* ViewController.m */; };
		1229AA0C1E1F3E97004252D1 /* Main.storyboard in Resources */ = {isa = PBXBuildFile; fileRef = 1229AA0A1E1F3E97004252D1 /* Main.storyboard */; };
		1229AA0E1E1F3E97004252D1 /* Assets.xcassets in Resources */ = {isa = PBXBuildFile; fileRef = 1229AA0D1E1F3E97004252D1 /* Assets.xcassets */; };
		1229AA111E1F3E97004252D1 /* LaunchScreen.storyboard in Resources */ = {isa = PBXBuildFile; fileRef = 1229AA0F1E1F3E97004252D1 /* LaunchScreen.storyboard */; };
		1229AA1C1E1F3E97004252D1 /* revise02_UITableViewTests.m in Sources */ = {isa = PBXBuildFile; fileRef = 1229AA1B1E1F3E97004252D1 /* revise02_UITableViewTests.m */; };
		1229AA271E1F3E97004252D1 /* revise02_UITableViewUITests.m in Sources */ = {isa = PBXBuildFile; fileRef = 1229AA261E1F3E97004252D1 /* revise02_UITableViewUITests.m */; };
/* End PBXBuildFile section */

/* Begin PBXContainerItemProxy section */
		1229AA181E1F3E97004252D1 /* PBXContainerItemProxy */ = {
			isa = PBXContainerItemProxy;
			containerPortal = 1229A9F61E1F3E97004252D1 /* Project object */;
			proxyType = 1;
			remoteGlobalIDString = 1229A9FD1E1F3E97004252D1;
			remoteInfo = revise02_UITableView;
		};
		1229AA231E1F3E97004252D1 /* PBXContainerItemProxy */ = {
			isa = PBXContainerItemProxy;
			containerPortal = 1229A9F61E1F3E97004252D1 /* Project object */;
			proxyType = 1;
			remoteGlobalIDString = 1229A9FD1E1F3E97004252D1;
			remoteInfo = revise02_UITableView;
		};
/* End PBXContainerItemProxy section */

/* Begin PBXFileReference section */
		1229A9FE1E1F3E97004252D1 /* revise02_UITableView.app */ = {isa = PBXFileReference; explicitFileType = wrapper.application; includeInIndex = 0; path = revise02_UITableView.app; sourceTree = BUILT_PRODUCTS_DIR; };
		1229AA021E1F3E97004252D1 /* main.m */ = {isa = PBXFileReference; lastKnownFileType = sourcecode.c.objc; path = main.m; sourceTree = "<group>"; };
		1229AA041E1F3E97004252D1 /* AppDelegate.h */ = {isa = PBXFileReference; lastKnownFileType = sourcecode.c.h; path = AppDelegate.h; sourceTree = "<group>"; };
		1229AA051E1F3E97004252D1 /* AppDelegate.m */ = {isa = PBXFileReference; lastKnownFileType = sourcecode.c.objc; path = AppDelegate.m; sourceTree = "<group>"; };
		1229AA071E1F3E97004252D1 /* ViewController.h */ = {isa = PBXFileReference; lastKnownFileType = sourcecode.c.h; path = ViewController.h; sourceTree = "<group>"; };
		1229AA081E1F3E97004252D1 /* ViewController.m */ = {isa = PBXFileReference; lastKnownFileType = sourcecode.c.objc; path = ViewController.m; sourceTree = "<group>"; };
		1229AA0B1E1F3E97004252D1 /* Base */ = {isa = PBXFileReference; lastKnownFileType = file.storyboard; name = Base; path = Base.lproj/Main.storyboard; sourceTree = "<group>"; };
		1229AA0D1E1F3E97004252D1 /* Assets.xcassets */ = {isa = PBXFileReference; lastKnownFileType = folder.assetcatalog; path = Assets.xcassets; sourceTree = "<group>"; };
		1229AA101E1F3E97004252D1 /* Base */ = {isa = PBXFileReference; lastKnownFileType = file.storyboard; name = Base; path = Base.lproj/LaunchScreen.storyboard; sourceTree = "<group>"; };
		1229AA121E1F3E97004252D1 /* Info.plist */ = {isa = PBXFileReference; lastKnownFileType = text.plist.xml; path = Info.plist; sourceTree = "<group>"; };
		1229AA171E1F3E97004252D1 /* revise02_UITableViewTests.xctest */ = {isa = PBXFileReference; explicitFileType = wrapper.cfbundle; includeInIndex = 0; path = revise02_UITableViewTests.xctest; sourceTree = BUILT_PRODUCTS_DIR; };
		1229AA1B1E1F3E97004252D1 /* revise02_UITableViewTests.m */ = {isa = PBXFileReference; lastKnownFileType = sourcecode.c.objc; path = revise02_UITableViewTests.m; sourceTree = "<group>"; };
		1229AA1D1E1F3E97004252D1 /* Info.plist */ = {isa = PBXFileReference; lastKnownFileType = text.plist.xml; path = Info.plist; sourceTree = "<group>"; };
		1229AA221E1F3E97004252D1 /* revise02_UITableViewUITests.xctest */ = {isa = PBXFileReference; explicitFileType = wrapper.cfbundle; includeInIndex = 0; path = revise02_UITableViewUITests.xctest; sourceTree = BUILT_PRODUCTS_DIR; };
		1229AA261E1F3E97004252D1 /* revise02_UITableViewUITests.m */ = {isa = PBXFileReference; lastKnownFileType = sourcecode.c.objc; path = revise02_UITableViewUITests.m; sourceTree = "<group>"; };
		1229AA281E1F3E97004252D1 /* Info.plist */ = {isa = PBXFileReference; lastKnownFileType = text.plist.xml; path = Info.plist; sourceTree = "<group>"; };
/* End PBXFileReference section */

/* Begin PBXFrameworksBuildPhase section */
		1229A9FB1E1F3E97004252D1 /* Frameworks */ = {
			isa = PBXFrameworksBuildPhase;
			buildActionMask = 2147483647;
			files = (
			);
			runOnlyForDeploymentPostprocessing = 0;
		};
		1229AA141E1F3E97004252D1 /* Frameworks */ = {
			isa = PBXFrameworksBuildPhase;
			buildActionMask = 2147483647;
			files = (
			);
			runOnlyForDeploymentPostprocessing = 0;
		};
		1229AA1F1E1F3E97004252D1 /* Frameworks */ = {
			isa = PBXFrameworksBuildPhase;
			buildActionMask = 2147483647;
			files = (
			);
			runOnlyForDeploymentPostprocessing = 0;
		};
/* End PBXFrameworksBuildPhase section */

/* Begin PBXGroup section */
		1229A9F51E1F3E97004252D1 = {
			isa = PBXGroup;
			children = (
				1229AA001E1F3E97004252D1 /* revise02_UITableView */,
				1229AA1A1E1F3E97004252D1 /* revise02_UITableViewTests */,
				1229AA251E1F3E97004252D1 /* revise02_UITableViewUITests */,
				1229A9FF1E1F3E97004252D1 /* Products */,
			);
			sourceTree = "<group>";
		};
		1229A9FF1E1F3E97004252D1 /* Products */ = {
			isa = PBXGroup;
			children = (
				1229A9FE1E1F3E97004252D1 /* revise02_UITableView.app */,
				1229AA171E1F3E97004252D1 /* revise02_UITableViewTests.xctest */,
				1229AA221E1F3E97004252D1 /* revise02_UITableViewUITests.xctest */,
			);
			name = Products;
			sourceTree = "<group>";
		};
		1229AA001E1F3E97004252D1 /* revise02_UITableView */ = {
			isa = PBXGroup;
			children = (
				1229AA041E1F3E97004252D1 /* AppDelegate.h */,
				1229AA051E1F3E97004252D1 /* AppDelegate.m */,
				1229AA071E1F3E97004252D1 /* ViewController.h */,
				1229AA081E1F3E97004252D1 /* ViewController.m */,
				1229AA0A1E1F3E97004252D1 /* Main.storyboard */,
				1229AA0D1E1F3E97004252D1 /* Assets.xcassets */,
				1229AA0F1E1F3E97004252D1 /* LaunchScreen.storyboard */,
				1229AA121E1F3E97004252D1 /* Info.plist */,
				1229AA011E1F3E97004252D1 /* Supporting Files */,
			);
			path = revise02_UITableView;
			sourceTree = "<group>";
		};
		1229AA011E1F3E97004252D1 /* Supporting Files */ = {
			isa = PBXGroup;
			children = (
				1229AA021E1F3E97004252D1 /* main.m */,
			);
			name = "Supporting Files";
			sourceTree = "<group>";
		};
		1229AA1A1E1F3E97004252D1 /* revise02_UITableViewTests */ = {
			isa = PBXGroup;
			children = (
				1229AA1B1E1F3E97004252D1 /* revise02_UITableViewTests.m */,
				1229AA1D1E1F3E97004252D1 /* Info.plist */,
			);
			path = revise02_UITableViewTests;
			sourceTree = "<group>";
		};
		1229AA251E1F3E97004252D1 /* revise02_UITableViewUITests */ = {
			isa = PBXGroup;
			children = (
				1229AA261E1F3E97004252D1 /* revise02_UITableViewUITests.m */,
				1229AA281E1F3E97004252D1 /* Info.plist */,
			);
			path = revise02_UITableViewUITests;
			sourceTree = "<group>";
		};
/* End PBXGroup section */

/* Begin PBXNativeTarget section */
		1229A9FD1E1F3E97004252D1 /* revise02_UITableView */ = {
			isa = PBXNativeTarget;
			buildConfigurationList = 1229AA2B1E1F3E97004252D1 /* Build configuration list for PBXNativeTarget "revise02_UITableView" */;
			buildPhases = (
				1229A9FA1E1F3E97004252D1 /* Sources */,
				1229A9FB1E1F3E97004252D1 /* Frameworks */,
				1229A9FC1E1F3E97004252D1 /* Resources */,
			);
			buildRules = (
			);
			dependencies = (
			);
			name = revise02_UITableView;
			productName = revise02_UITableView;
			productReference = 1229A9FE1E1F3E97004252D1 /* revise02_UITableView.app */;
			productType = "com.apple.product-type.application";
		};
		1229AA161E1F3E97004252D1 /* revise02_UITableViewTests */ = {
			isa = PBXNativeTarget;
			buildConfigurationList = 1229AA2E1E1F3E97004252D1 /* Build configuration list for PBXNativeTarget "revise02_UITableViewTests" */;
			buildPhases = (
				1229AA131E1F3E97004252D1 /* Sources */,
				1229AA141E1F3E97004252D1 /* Frameworks */,
				1229AA151E1F3E97004252D1 /* Resources */,
			);
			buildRules = (
			);
			dependencies = (
				1229AA191E1F3E97004252D1 /* PBXTargetDependency */,
			);
			name = revise02_UITableViewTests;
			productName = revise02_UITableViewTests;
			productReference = 1229AA171E1F3E97004252D1 /* revise02_UITableViewTests.xctest */;
			productType = "com.apple.product-type.bundle.unit-test";
		};
		1229AA211E1F3E97004252D1 /* revise02_UITableViewUITests */ = {
			isa = PBXNativeTarget;
			buildConfigurationList = 1229AA311E1F3E97004252D1 /* Build configuration list for PBXNativeTarget "revise02_UITableViewUITests" */;
			buildPhases = (
				1229AA1E1E1F3E97004252D1 /* Sources */,
				1229AA1F1E1F3E97004252D1 /* Frameworks */,
				1229AA201E1F3E97004252D1 /* Resources */,
			);
			buildRules = (
			);
			dependencies = (
				1229AA241E1F3E97004252D1 /* PBXTargetDependency */,
			);
			name = revise02_UITableViewUITests;
			productName = revise02_UITableViewUITests;
			productReference = 1229AA221E1F3E97004252D1 /* revise02_UITableViewUITests.xctest */;
			productType = "com.apple.product-type.bundle.ui-testing";
		};
/* End PBXNativeTarget section */

/* Begin PBXProject section */
		1229A9F61E1F3E97004252D1 /* Project object */ = {
			isa = PBXProject;
			attributes = {
				LastUpgradeCheck = 0720;
				ORGANIZATIONNAME = "何万牡";
				TargetAttributes = {
					1229A9FD1E1F3E97004252D1 = {
						CreatedOnToolsVersion = 7.2;
					};
					1229AA161E1F3E97004252D1 = {
						CreatedOnToolsVersion = 7.2;
						TestTargetID = 1229A9FD1E1F3E97004252D1;
					};
					1229AA211E1F3E97004252D1 = {
						CreatedOnToolsVersion = 7.2;
						TestTargetID = 1229A9FD1E1F3E97004252D1;
					};
				};
			};
			buildConfigurationList = 1229A9F91E1F3E97004252D1 /* Build configuration list for PBXProject "revise02_UITableView" */;
			compatibilityVersion = "Xcode 3.2";
			developmentRegion = English;
			hasScannedForEncodings = 0;
			knownRegions = (
				en,
				Base,
			);
			mainGroup = 1229A9F51E1F3E97004252D1;
			productRefGroup = 1229A9FF1E1F3E97004252D1 /* Products */;
			projectDirPath = "";
			projectRoot = "";
			targets = (
				1229A9FD1E1F3E97004252D1 /* revise02_UITableView */,
				1229AA161E1F3E97004252D1 /* revise02_UITableViewTests */,
				1229AA211E1F3E97004252D1 /* revise02_UITableViewUITests */,
			);
		};
/* End PBXProject section */

/* Begin PBXResourcesBuildPhase section */
		1229A9FC1E1F3E97004252D1 /* Resources */ = {
			isa = PBXResourcesBuildPhase;
			buildActionMask = 2147483647;
			files = (
				1229AA111E1F3E97004252D1 /* LaunchScreen.storyboard in Resources */,
				1229AA0E1E1F3E97004252D1 /* Assets.xcassets in Resources */,
				1229AA0C1E1F3E97004252D1 /* Main.storyboard in Resources */,
			);
			runOnlyForDeploymentPostprocessing = 0;
		};
		1229AA151E1F3E97004252D1 /* Resources */ = {
			isa = PBXResourcesBuildPhase;
			buildActionMask = 2147483647;
			files = (
			);
			runOnlyForDeploymentPostprocessing = 0;
		};
		1229AA201E1F3E97004252D1 /* Resources */ = {
			isa = PBXResourcesBuildPhase;
			buildActionMask = 2147483647;
			files = (
			);
			runOnlyForDeploymentPostprocessing = 0;
		};
/* End PBXResourcesBuildPhase section */

/* Begin PBXSourcesBuildPhase section */
		1229A9FA1E1F3E97004252D1 /* Sources */ = {
			isa = PBXSourcesBuildPhase;
			buildActionMask = 2147483647;
			files = (
				1229AA091E1F3E97004252D1 /* ViewController.m in Sources */,
				1229AA061E1F3E97004252D1 /* AppDelegate.m in Sources */,
				1229AA031E1F3E97004252D1 /* main.m in Sources */,
			);
			runOnlyForDeploymentPostprocessing = 0;
		};
		1229AA131E1F3E97004252D1 /* Sources */ = {
			isa = PBXSourcesBuildPhase;
			buildActionMask = 2147483647;
			files = (
				1229AA1C1E1F3E97004252D1 /* revise02_UITableViewTests.m in Sources */,
			);
			runOnlyForDeploymentPostprocessing = 0;
		};
		1229AA1E1E1F3E97004252D1 /* Sources */ = {
			isa = PBXSourcesBuildPhase;
			buildActionMask = 2147483647;
			files = (
				1229AA271E1F3E97004252D1 /* revise02_UITableViewUITests.m in Sources */,
			);
			runOnlyForDeploymentPostprocessing = 0;
		};
/* End PBXSourcesBuildPhase section */

/* Begin PBXTargetDependency section */
		1229AA191E1F3E97004252D1 /* PBXTargetDependency */ = {
			isa = PBXTargetDependency;
			target = 1229A9FD1E1F3E97004252D1 /* revise02_UITableView */;
			targetProxy = 1229AA181E1F3E97004252D1 /* PBXContainerItemProxy */;
		};
		1229AA241E1F3E97004252D1 /* PBXTargetDependency */ = {
			isa = PBXTargetDependency;
			target = 1229A9FD1E1F3E97004252D1 /* revise02_UITableView */;
			targetProxy = 1229AA231E1F3E97004252D1 /* PBXContainerItemProxy */;
		};
/* End PBXTargetDependency section */

/* Begin PBXVariantGroup section */
		1229AA0A1E1F3E97004252D1 /* Main.storyboard */ = {
			isa = PBXVariantGroup;
			children = (
				1229AA0B1E1F3E97004252D1 /* Base */,
			);
			name = Main.storyboard;
			sourceTree = "<group>";
		};
		1229AA0F1E1F3E97004252D1 /* LaunchScreen.storyboard */ = {
			isa = PBXVariantGroup;
			children = (
				1229AA101E1F3E97004252D1 /* Base */,
			);
			name = LaunchScreen.storyboard;
			sourceTree = "<group>";
		};
/* End PBXVariantGroup section */

/* Begin XCBuildConfiguration section */
		1229AA291E1F3E97004252D1 /* Debug */ = {
			isa = XCBuildConfiguration;
			buildSettings = {
				ALWAYS_SEARCH_USER_PATHS = NO;
				CLANG_CXX_LANGUAGE_STANDARD = "gnu++0x";
				CLANG_CXX_LIBRARY = "libc++";
				CLANG_ENABLE_MODULES = YES;
				CLANG_ENABLE_OBJC_ARC = YES;
				CLANG_WARN_BOOL_CONVERSION = YES;
				CLANG_WARN_CONSTANT_CONVERSION = YES;
				CLANG_WARN_DIRECT_OBJC_ISA_USAGE = YES_ERROR;
				CLANG_WARN_EMPTY_BODY = YES;
				CLANG_WARN_ENUM_CONVERSION = YES;
				CLANG_WARN_INT_CONVERSION = YES;
				CLANG_WARN_OBJC_ROOT_CLASS = YES_ERROR;
				CLANG_WARN_UNREACHABLE_CODE = YES;
				CLANG_WARN__DUPLICATE_METHOD_MATCH = YES;
				"CODE_SIGN_IDENTITY[sdk=iphoneos*]" = "iPhone Developer";
				COPY_PHASE_STRIP = NO;
				DEBUG_INFORMATION_FORMAT = dwarf;
				ENABLE_STRICT_OBJC_MSGSEND = YES;
				ENABLE_TESTABILITY = YES;
				GCC_C_LANGUAGE_STANDARD = gnu99;
				GCC_DYNAMIC_NO_PIC = NO;
				GCC_NO_COMMON_BLOCKS = YES;
				GCC_OPTIMIZATION_LEVEL = 0;
				GCC_PREPROCESSOR_DEFINITIONS = (
					"DEBUG=1",
					"$(inherited)",
				);
				GCC_WARN_64_TO_32_BIT_CONVERSION = YES;
				GCC_WARN_ABOUT_RETURN_TYPE = YES_ERROR;
				GCC_WARN_UNDECLARED_SELECTOR = YES;
				GCC_WARN_UNINITIALIZED_AUTOS = YES_AGGRESSIVE;
				GCC_WARN_UNUSED_FUNCTION = YES;
				GCC_WARN_UNUSED_VARIABLE = YES;
				IPHONEOS_DEPLOYMENT_TARGET = 9.2;
				MTL_ENABLE_DEBUG_INFO = YES;
				ONLY_ACTIVE_ARCH = YES;
				SDKROOT = iphoneos;
				TARGETED_DEVICE_FAMILY = "1,2";
			};
			name = Debug;
		};
		1229AA2A1E1F3E97004252D1 /* Release */ = {
			isa = XCBuildConfiguration;
			buildSettings = {
				ALWAYS_SEARCH_USER_PATHS = NO;
				CLANG_CXX_LANGUAGE_STANDARD = "gnu++0x";
				CLANG_CXX_LIBRARY = "libc++";
				CLANG_ENABLE_MODULES = YES;
				CLANG_ENABLE_OBJC_ARC = YES;
				CLANG_WARN_BOOL_CONVERSION = YES;
				CLANG_WARN_CONSTANT_CONVERSION = YES;
				CLANG_WARN_DIRECT_OBJC_ISA_USAGE = YES_ERROR;
				CLANG_WARN_EMPTY_BODY = YES;
				CLANG_WARN_ENUM_CONVERSION = YES;
				CLANG_WARN_INT_CONVERSION = YES;
				CLANG_WARN_OBJC_ROOT_CLASS = YES_ERROR;
				CLANG_WARN_UNREACHABLE_CODE = YES;
				CLANG_WARN__DUPLICATE_METHOD_MATCH = YES;
				"CODE_SIGN_IDENTITY[sdk=iphoneos*]" = "iPhone Developer";
				COPY_PHASE_STRIP = NO;
				DEBUG_INFORMATION_FORMAT = "dwarf-with-dsym";
				ENABLE_NS_ASSERTIONS = NO;
				ENABLE_STRICT_OBJC_MSGSEND = YES;
				GCC_C_LANGUAGE_STANDARD = gnu99;
				GCC_NO_COMMON_BLOCKS = YES;
				GCC_WARN_64_TO_32_BIT_CONVERSION = YES;
				GCC_WARN_ABOUT_RETURN_TYPE = YES_ERROR;
				GCC_WARN_UNDECLARED_SELECTOR = YES;
				GCC_WARN_UNINITIALIZED_AUTOS = YES_AGGRESSIVE;
				GCC_WARN_UNUSED_FUNCTION = YES;
				GCC_WARN_UNUSED_VARIABLE = YES;
				IPHONEOS_DEPLOYMENT_TARGET = 9.2;
				MTL_ENABLE_DEBUG_INFO = NO;
				SDKROOT = iphoneos;
				TARGETED_DEVICE_FAMILY = "1,2";
				VALIDATE_PRODUCT = YES;
			};
			name = Release;
		};
		1229AA2C1E1F3E97004252D1 /* Debug */ = {
			isa = XCBuildConfiguration;
			buildSettings = {
				ASSETCATALOG_COMPILER_APPICON_NAME = AppIcon;
				INFOPLIST_FILE = revise02_UITableView/Info.plist;
				LD_RUNPATH_SEARCH_PATHS = "$(inherited) @executable_path/Frameworks";
				PRODUCT_BUNDLE_IDENTIFIER = "com.hewanmu.revise02-UITableView";
				PRODUCT_NAME = "$(TARGET_NAME)";
			};
			name = Debug;
		};
		1229AA2D1E1F3E97004252D1 /* Release */ = {
			isa = XCBuildConfiguration;
			buildSettings = {
				ASSETCATALOG_COMPILER_APPICON_NAME = AppIcon;
				INFOPLIST_FILE = revise02_UITableView/Info.plist;
				LD_RUNPATH_SEARCH_PATHS = "$(inherited) @executable_path/Frameworks";
				PRODUCT_BUNDLE_IDENTIFIER = "com.hewanmu.revise02-UITableView";
				PRODUCT_NAME = "$(TARGET_NAME)";
			};
			name = Release;
		};
		1229AA2F1E1F3E97004252D1 /* Debug */ = {
			isa = XCBuildConfiguration;
			buildSettings = {
				BUNDLE_LOADER = "$(TEST_HOST)";
				INFOPLIST_FILE = revise02_UITableViewTests/Info.plist;
				LD_RUNPATH_SEARCH_PATHS = "$(inherited) @executable_path/Frameworks @loader_path/Frameworks";
				PRODUCT_BUNDLE_IDENTIFIER = "com.hewanmu.revise02-UITableViewTests";
				PRODUCT_NAME = "$(TARGET_NAME)";
				TEST_HOST = "$(BUILT_PRODUCTS_DIR)/revise02_UITableView.app/revise02_UITableView";
			};
			name = Debug;
		};
		1229AA301E1F3E97004252D1 /* Release */ = {
			isa = XCBuildConfiguration;
			buildSettings = {
				BUNDLE_LOADER = "$(TEST_HOST)";
				INFOPLIST_FILE = revise02_UITableViewTests/Info.plist;
				LD_RUNPATH_SEARCH_PATHS = "$(inherited) @executable_path/Frameworks @loader_path/Frameworks";
				PRODUCT_BUNDLE_IDENTIFIER = "com.hewanmu.revise02-UITableViewTests";
				PRODUCT_NAME = "$(TARGET_NAME)";
				TEST_HOST = "$(BUILT_PRODUCTS_DIR)/revise02_UITableView.app/revise02_UITableView";
			};
			name = Release;
		};
		1229AA321E1F3E97004252D1 /* Debug */ = {
			isa = XCBuildConfiguration;
			buildSettings = {
				INFOPLIST_FILE = revise02_UITableViewUITests/Info.plist;
				LD_RUNPATH_SEARCH_PATHS = "$(inherited) @executable_path/Frameworks @loader_path/Frameworks";
				PRODUCT_BUNDLE_IDENTIFIER = "com.hewanmu.revise02-UITableViewUITests";
				PRODUCT_NAME = "$(TARGET_NAME)";
				TEST_TARGET_NAME = revise02_UITableView;
				USES_XCTRUNNER = YES;
			};
			name = Debug;
		};
		1229AA331E1F3E97004252D1 /* Release */ = {
			isa = XCBuildConfiguration;
			buildSettings = {
				INFOPLIST_FILE = revise02_UITableViewUITests/Info.plist;
				LD_RUNPATH_SEARCH_PATHS = "$(inherited) @executable_path/Frameworks @loader_path/Frameworks";
				PRODUCT_BUNDLE_IDENTIFIER = "com.hewanmu.revise02-UITableViewUITests";
				PRODUCT_NAME = "$(TARGET_NAME)";
				TEST_TARGET_NAME = revise02_UITableView;
				USES_XCTRUNNER = YES;
			};
			name = Release;
		};
/* End XCBuildConfiguration section */

/* Begin XCConfigurationList section */
		1229A9F91E1F3E97004252D1 /* Build configuration list for PBXProject "revise02_UITableView" */ = {
			isa = XCConfigurationList;
			buildConfigurations = (
				1229AA291E1F3E97004252D1 /* Debug */,
				1229AA2A1E1F3E97004252D1 /* Release */,
			);
			defaultConfigurationIsVisible = 0;
			defaultConfigurationName = Release;
		};
		1229AA2B1E1F3E97004252D1 /* Build configuration list for PBXNativeTarget "revise02_UITableView" */ = {
			isa = XCConfigurationList;
			buildConfigurations = (
				1229AA2C1E1F3E97004252D1 /* Debug */,
				1229AA2D1E1F3E97004252D1 /* Release */,
			);
			defaultConfigurationIsVisible = 0;
		};
		1229AA2E1E1F3E97004252D1 /* Build configuration list for PBXNativeTarget "revise02_UITableViewTests" */ = {
			isa = XCConfigurationList;
			buildConfigurations = (
				1229AA2F1E1F3E97004252D1 /* Debug */,
				1229AA301E1F3E97004252D1 /* Release */,
			);
			defaultConfigurationIsVisible = 0;
		};
		1229AA311E1F3E97004252D1 /* Build configuration list for PBXNativeTarget "revise02_UITableViewUITests" */ = {
			isa = XCConfigurationList;
			buildConfigurations = (
				1229AA321E1F3E97004252D1 /* Debug */,
				1229AA331E1F3E97004252D1 /* Release */,
			);
			defaultConfigurationIsVisible = 0;
		};
/* End XCConfigurationList section */
	};
	rootObject = 1229A9F61E1F3E97004252D1 /* Project object */;
}
